<Solution>
  <!-- ModelQueryTool.slnx
       Generated by CodeBrix Develop: a CodeBrix.Platform application with
       everything that builds with the plain .NET SDK on Linux, macOS and Windows. -->
  <Project Path="src/ModelQueryTool.UI/ModelQueryTool.UI.shproj" />
  <Project Path="src/ModelQueryTool.Core/ModelQueryTool.Core.csproj" />
  <Project Path="src/ModelQueryTool.LinuxX11/ModelQueryTool.LinuxX11.csproj" />
  <Project Path="src/ModelQueryTool.LinuxWayland/ModelQueryTool.LinuxWayland.csproj" />
  <Project Path="src/ModelQueryTool.MacOS/ModelQueryTool.MacOS.csproj" />
  <Project Path="src/ModelQueryTool.Win32Skia/ModelQueryTool.Win32Skia.csproj" />
  <Folder Name="/Libraries/">
    <Project Path="src/libs/ModelQueryTool.ModelAccess/ModelQueryTool.ModelAccess.csproj" />
    <Project Path="src/libs/ModelQueryTool.ModelRunning/ModelQueryTool.ModelRunning.csproj" />
  </Folder>
  <Folder Name="/Tests/">
    <Project Path="tests/libs/ModelQueryTool.ModelAccess.Tests/ModelQueryTool.ModelAccess.Tests.csproj" />
    <Project Path="tests/libs/ModelQueryTool.ModelRunning.Tests/ModelQueryTool.ModelRunning.Tests.csproj" />
  </Folder>
</Solution>
